{
  "version": 4,
  "terraform_version": "1.5.7",
  "serial": 6,
  "lineage": "8f9d0874-5c5e-25c2-d6c5-02c7f2d1ce4f",
  "outputs": {
    "vpc_cidr_block": {
      "value": "10.0.0.0/16",
      "type": "string"
    },
    "vpc_id": {
      "value": "vpc-04835eb3e5bcc1ee6",
      "type": "string"
    }
  },
  "resources": [
    {
      "mode": "managed",
      "type": "aws_vpc",
      "name": "main",
      "provider": "provider[\"registry.terraform.io/hashicorp/aws\"]",
      "instances": [
        {
          "schema_version": 1,
          "attributes": {
            "arn": "arn:aws:ec2:us-west-2:002090321320:vpc/vpc-04835eb3e5bcc1ee6",
            "assign_generated_ipv6_cidr_block": false,
            "cidr_block": "10.0.0.0/16",
            "default_network_acl_id": "acl-0eefccfc9b83886c0",
            "default_route_table_id": "rtb-0ab83058f0fc62e4a",
            "default_security_group_id": "sg-02c42ac5b5ed577eb",
            "dhcp_options_id": "dopt-0c5af374",
            "enable_dns_hostnames": false,
            "enable_dns_support": true,
            "enable_network_address_usage_metrics": false,
            "id": "vpc-04835eb3e5bcc1ee6",
            "instance_tenancy": "default",
            "ipv4_ipam_pool_id": null,
            "ipv4_netmask_length": null,
            "ipv6_association_id": "",
            "ipv6_cidr_block": "",
            "ipv6_cidr_block_network_border_group": "",
            "ipv6_ipam_pool_id": "",
            "ipv6_netmask_length": 0,
            "main_route_table_id": "rtb-0ab83058f0fc62e4a",
            "owner_id": "002090321320",
            "tags": {
              "Environment": "dev",
              "Owner": "terryd"
            },
            "tags_all": {
              "Environment": "dev",
              "Owner": "terryd"
            }
          },
          "sensitive_attributes": [],
          "private": "eyJzY2hlbWFfdmVyc2lvbiI6IjEifQ=="
        }
      ]
    }
  ],
  "check_results": null
}
